
Microsoft Visual Studio Solution File, Format Version 12.00
# Visual Studio 15
VisualStudioVersion = 15.0.26124.0
MinimumVisualStudioVersion = 15.0.26124.0
Project("{FAE04EC0-301F-11D3-BF4B-00C04F79EFBC}") = "api.homebuilders", "api\api.homebuilders.csproj", "{AF8E9F17-7C1B-4A91-AC2F-2DB4C37AD589}"
EndProject
Project("{FAE04EC0-301F-11D3-BF4B-00C04F79EFBC}") = "api.business.homebuilders", "api.business\api.business.csproj", "{8DAF5654-4325-40A8-B13B-4607414F472D}"
EndProject
Project("{FAE04EC0-301F-11D3-BF4B-00C04F79EFBC}") = "api.domain.homebuilders", "api.domain\api.domain.csproj", "{ABCEB6EC-E982-441D-B8F2-96BA72C2F539}"
EndProject
Project("{FAE04EC0-301F-11D3-BF4B-00C04F79EFBC}") = "api.data.homebuilders", "api.data\api.data.csproj", "{F413FF00-7905-4251-ABBF-D08F3BD86592}"
EndProject
Project("{2150E333-8FDC-42A3-9474-1A3956D46DE8}") = "tests", "tests", "{806C5267-195B-4813-8CB2-DDE6B80E7845}"
EndProject
Project("{FAE04EC0-301F-11D3-BF4B-00C04F79EFBC}") = "api.homebuilders.tests", "tests\api\api.homebuilders.tests.csproj", "{EADE558B-E3A3-4F43-B67E-6B8B5A1307B1}"
EndProject
Project("{FAE04EC0-301F-11D3-BF4B-00C04F79EFBC}") = "domain.homebuilders.tests", "tests\domain\domain.homebuilders.tests.csproj", "{18C05A15-6383-4A71-B70E-38C898723080}"
EndProject
Project("{FAE04EC0-301F-11D3-BF4B-00C04F79EFBC}") = "business.homebuilders.tests", "tests\business\business.homebuilders.tests.csproj", "{9227351F-6BFF-47F9-86F6-AC301E870E72}"
EndProject
Project("{FAE04EC0-301F-11D3-BF4B-00C04F79EFBC}") = "data.homebuilders.tests", "tests\data\data.homebuilders.tests.csproj", "{B4475072-5A85-4563-AC65-ECEBE1467FA0}"
EndProject
Global
	GlobalSection(SolutionConfigurationPlatforms) = preSolution
		Debug|Any CPU = Debug|Any CPU
		Debug|x64 = Debug|x64
		Debug|x86 = Debug|x86
		Release|Any CPU = Release|Any CPU
		Release|x64 = Release|x64
		Release|x86 = Release|x86
	EndGlobalSection
	GlobalSection(SolutionProperties) = preSolution
		HideSolutionNode = FALSE
	EndGlobalSection
	GlobalSection(ProjectConfigurationPlatforms) = postSolution
		{AF8E9F17-7C1B-4A91-AC2F-2DB4C37AD589}.Debug|Any CPU.ActiveCfg = Debug|Any CPU
		{AF8E9F17-7C1B-4A91-AC2F-2DB4C37AD589}.Debug|Any CPU.Build.0 = Debug|Any CPU
		{AF8E9F17-7C1B-4A91-AC2F-2DB4C37AD589}.Debug|x64.ActiveCfg = Debug|Any CPU
		{AF8E9F17-7C1B-4A91-AC2F-2DB4C37AD589}.Debug|x64.Build.0 = Debug|Any CPU
		{AF8E9F17-7C1B-4A91-AC2F-2DB4C37AD589}.Debug|x86.ActiveCfg = Debug|Any CPU
		{AF8E9F17-7C1B-4A91-AC2F-2DB4C37AD589}.Debug|x86.Build.0 = Debug|Any CPU
		{AF8E9F17-7C1B-4A91-AC2F-2DB4C37AD589}.Release|Any CPU.ActiveCfg = Release|Any CPU
		{AF8E9F17-7C1B-4A91-AC2F-2DB4C37AD589}.Release|Any CPU.Build.0 = Release|Any CPU
		{AF8E9F17-7C1B-4A91-AC2F-2DB4C37AD589}.Release|x64.ActiveCfg = Release|Any CPU
		{AF8E9F17-7C1B-4A91-AC2F-2DB4C37AD589}.Release|x64.Build.0 = Release|Any CPU
		{AF8E9F17-7C1B-4A91-AC2F-2DB4C37AD589}.Release|x86.ActiveCfg = Release|Any CPU
		{AF8E9F17-7C1B-4A91-AC2F-2DB4C37AD589}.Release|x86.Build.0 = Release|Any CPU
		{8DAF5654-4325-40A8-B13B-4607414F472D}.Debug|Any CPU.ActiveCfg = Debug|Any CPU
		{8DAF5654-4325-40A8-B13B-4607414F472D}.Debug|Any CPU.Build.0 = Debug|Any CPU
		{8DAF5654-4325-40A8-B13B-4607414F472D}.Debug|x64.ActiveCfg = Debug|Any CPU
		{8DAF5654-4325-40A8-B13B-4607414F472D}.Debug|x64.Build.0 = Debug|Any CPU
		{8DAF5654-4325-40A8-B13B-4607414F472D}.Debug|x86.ActiveCfg = Debug|Any CPU
		{8DAF5654-4325-40A8-B13B-4607414F472D}.Debug|x86.Build.0 = Debug|Any CPU
		{8DAF5654-4325-40A8-B13B-4607414F472D}.Release|Any CPU.ActiveCfg = Release|Any CPU
		{8DAF5654-4325-40A8-B13B-4607414F472D}.Release|Any CPU.Build.0 = Release|Any CPU
		{8DAF5654-4325-40A8-B13B-4607414F472D}.Release|x64.ActiveCfg = Release|Any CPU
		{8DAF5654-4325-40A8-B13B-4607414F472D}.Release|x64.Build.0 = Release|Any CPU
		{8DAF5654-4325-40A8-B13B-4607414F472D}.Release|x86.ActiveCfg = Release|Any CPU
		{8DAF5654-4325-40A8-B13B-4607414F472D}.Release|x86.Build.0 = Release|Any CPU
		{ABCEB6EC-E982-441D-B8F2-96BA72C2F539}.Debug|Any CPU.ActiveCfg = Debug|Any CPU
		{ABCEB6EC-E982-441D-B8F2-96BA72C2F539}.Debug|Any CPU.Build.0 = Debug|Any CPU
		{ABCEB6EC-E982-441D-B8F2-96BA72C2F539}.Debug|x64.ActiveCfg = Debug|Any CPU
		{ABCEB6EC-E982-441D-B8F2-96BA72C2F539}.Debug|x64.Build.0 = Debug|Any CPU
		{ABCEB6EC-E982-441D-B8F2-96BA72C2F539}.Debug|x86.ActiveCfg = Debug|Any CPU
		{ABCEB6EC-E982-441D-B8F2-96BA72C2F539}.Debug|x86.Build.0 = Debug|Any CPU
		{ABCEB6EC-E982-441D-B8F2-96BA72C2F539}.Release|Any CPU.ActiveCfg = Release|Any CPU
		{ABCEB6EC-E982-441D-B8F2-96BA72C2F539}.Release|Any CPU.Build.0 = Release|Any CPU
		{ABCEB6EC-E982-441D-B8F2-96BA72C2F539}.Release|x64.ActiveCfg = Release|Any CPU
		{ABCEB6EC-E982-441D-B8F2-96BA72C2F539}.Release|x64.Build.0 = Release|Any CPU
		{ABCEB6EC-E982-441D-B8F2-96BA72C2F539}.Release|x86.ActiveCfg = Release|Any CPU
		{ABCEB6EC-E982-441D-B8F2-96BA72C2F539}.Release|x86.Build.0 = Release|Any CPU
		{F413FF00-7905-4251-ABBF-D08F3BD86592}.Debug|Any CPU.ActiveCfg = Debug|Any CPU
		{F413FF00-7905-4251-ABBF-D08F3BD86592}.Debug|Any CPU.Build.0 = Debug|Any CPU
		{F413FF00-7905-4251-ABBF-D08F3BD86592}.Debug|x64.ActiveCfg = Debug|Any CPU
		{F413FF00-7905-4251-ABBF-D08F3BD86592}.Debug|x64.Build.0 = Debug|Any CPU
		{F413FF00-7905-4251-ABBF-D08F3BD86592}.Debug|x86.ActiveCfg = Debug|Any CPU
		{F413FF00-7905-4251-ABBF-D08F3BD86592}.Debug|x86.Build.0 = Debug|Any CPU
		{F413FF00-7905-4251-ABBF-D08F3BD86592}.Release|Any CPU.ActiveCfg = Release|Any CPU
		{F413FF00-7905-4251-ABBF-D08F3BD86592}.Release|Any CPU.Build.0 = Release|Any CPU
		{F413FF00-7905-4251-ABBF-D08F3BD86592}.Release|x64.ActiveCfg = Release|Any CPU
		{F413FF00-7905-4251-ABBF-D08F3BD86592}.Release|x64.Build.0 = Release|Any CPU
		{F413FF00-7905-4251-ABBF-D08F3BD86592}.Release|x86.ActiveCfg = Release|Any CPU
		{F413FF00-7905-4251-ABBF-D08F3BD86592}.Release|x86.Build.0 = Release|Any CPU
		{EADE558B-E3A3-4F43-B67E-6B8B5A1307B1}.Debug|Any CPU.ActiveCfg = Debug|Any CPU
		{EADE558B-E3A3-4F43-B67E-6B8B5A1307B1}.Debug|Any CPU.Build.0 = Debug|Any CPU
		{EADE558B-E3A3-4F43-B67E-6B8B5A1307B1}.Debug|x64.ActiveCfg = Debug|Any CPU
		{EADE558B-E3A3-4F43-B67E-6B8B5A1307B1}.Debug|x64.Build.0 = Debug|Any CPU
		{EADE558B-E3A3-4F43-B67E-6B8B5A1307B1}.Debug|x86.ActiveCfg = Debug|Any CPU
		{EADE558B-E3A3-4F43-B67E-6B8B5A1307B1}.Debug|x86.Build.0 = Debug|Any CPU
		{EADE558B-E3A3-4F43-B67E-6B8B5A1307B1}.Release|Any CPU.ActiveCfg = Release|Any CPU
		{EADE558B-E3A3-4F43-B67E-6B8B5A1307B1}.Release|Any CPU.Build.0 = Release|Any CPU
		{EADE558B-E3A3-4F43-B67E-6B8B5A1307B1}.Release|x64.ActiveCfg = Release|Any CPU
		{EADE558B-E3A3-4F43-B67E-6B8B5A1307B1}.Release|x64.Build.0 = Release|Any CPU
		{EADE558B-E3A3-4F43-B67E-6B8B5A1307B1}.Release|x86.ActiveCfg = Release|Any CPU
		{EADE558B-E3A3-4F43-B67E-6B8B5A1307B1}.Release|x86.Build.0 = Release|Any CPU
		{18C05A15-6383-4A71-B70E-38C898723080}.Debug|Any CPU.ActiveCfg = Debug|Any CPU
		{18C05A15-6383-4A71-B70E-38C898723080}.Debug|Any CPU.Build.0 = Debug|Any CPU
		{18C05A15-6383-4A71-B70E-38C898723080}.Debug|x64.ActiveCfg = Debug|Any CPU
		{18C05A15-6383-4A71-B70E-38C898723080}.Debug|x64.Build.0 = Debug|Any CPU
		{18C05A15-6383-4A71-B70E-38C898723080}.Debug|x86.ActiveCfg = Debug|Any CPU
		{18C05A15-6383-4A71-B70E-38C898723080}.Debug|x86.Build.0 = Debug|Any CPU
		{18C05A15-6383-4A71-B70E-38C898723080}.Release|Any CPU.ActiveCfg = Release|Any CPU
		{18C05A15-6383-4A71-B70E-38C898723080}.Release|Any CPU.Build.0 = Release|Any CPU
		{18C05A15-6383-4A71-B70E-38C898723080}.Release|x64.ActiveCfg = Release|Any CPU
		{18C05A15-6383-4A71-B70E-38C898723080}.Release|x64.Build.0 = Release|Any CPU
		{18C05A15-6383-4A71-B70E-38C898723080}.Release|x86.ActiveCfg = Release|Any CPU
		{18C05A15-6383-4A71-B70E-38C898723080}.Release|x86.Build.0 = Release|Any CPU
		{9227351F-6BFF-47F9-86F6-AC301E870E72}.Debug|Any CPU.ActiveCfg = Debug|Any CPU
		{9227351F-6BFF-47F9-86F6-AC301E870E72}.Debug|Any CPU.Build.0 = Debug|Any CPU
		{9227351F-6BFF-47F9-86F6-AC301E870E72}.Debug|x64.ActiveCfg = Debug|Any CPU
		{9227351F-6BFF-47F9-86F6-AC301E870E72}.Debug|x64.Build.0 = Debug|Any CPU
		{9227351F-6BFF-47F9-86F6-AC301E870E72}.Debug|x86.ActiveCfg = Debug|Any CPU
		{9227351F-6BFF-47F9-86F6-AC301E870E72}.Debug|x86.Build.0 = Debug|Any CPU
		{9227351F-6BFF-47F9-86F6-AC301E870E72}.Release|Any CPU.ActiveCfg = Release|Any CPU
		{9227351F-6BFF-47F9-86F6-AC301E870E72}.Release|Any CPU.Build.0 = Release|Any CPU
		{9227351F-6BFF-47F9-86F6-AC301E870E72}.Release|x64.ActiveCfg = Release|Any CPU
		{9227351F-6BFF-47F9-86F6-AC301E870E72}.Release|x64.Build.0 = Release|Any CPU
		{9227351F-6BFF-47F9-86F6-AC301E870E72}.Release|x86.ActiveCfg = Release|Any CPU
		{9227351F-6BFF-47F9-86F6-AC301E870E72}.Release|x86.Build.0 = Release|Any CPU
		{B4475072-5A85-4563-AC65-ECEBE1467FA0}.Debug|Any CPU.ActiveCfg = Debug|Any CPU
		{B4475072-5A85-4563-AC65-ECEBE1467FA0}.Debug|Any CPU.Build.0 = Debug|Any CPU
		{B4475072-5A85-4563-AC65-ECEBE1467FA0}.Debug|x64.ActiveCfg = Debug|Any CPU
		{B4475072-5A85-4563-AC65-ECEBE1467FA0}.Debug|x64.Build.0 = Debug|Any CPU
		{B4475072-5A85-4563-AC65-ECEBE1467FA0}.Debug|x86.ActiveCfg = Debug|Any CPU
		{B4475072-5A85-4563-AC65-ECEBE1467FA0}.Debug|x86.Build.0 = Debug|Any CPU
		{B4475072-5A85-4563-AC65-ECEBE1467FA0}.Release|Any CPU.ActiveCfg = Release|Any CPU
		{B4475072-5A85-4563-AC65-ECEBE1467FA0}.Release|Any CPU.Build.0 = Release|Any CPU
		{B4475072-5A85-4563-AC65-ECEBE1467FA0}.Release|x64.ActiveCfg = Release|Any CPU
		{B4475072-5A85-4563-AC65-ECEBE1467FA0}.Release|x64.Build.0 = Release|Any CPU
		{B4475072-5A85-4563-AC65-ECEBE1467FA0}.Release|x86.ActiveCfg = Release|Any CPU
		{B4475072-5A85-4563-AC65-ECEBE1467FA0}.Release|x86.Build.0 = Release|Any CPU
	EndGlobalSection
	GlobalSection(NestedProjects) = preSolution
		{EADE558B-E3A3-4F43-B67E-6B8B5A1307B1} = {806C5267-195B-4813-8CB2-DDE6B80E7845}
		{18C05A15-6383-4A71-B70E-38C898723080} = {806C5267-195B-4813-8CB2-DDE6B80E7845}
		{9227351F-6BFF-47F9-86F6-AC301E870E72} = {806C5267-195B-4813-8CB2-DDE6B80E7845}
		{B4475072-5A85-4563-AC65-ECEBE1467FA0} = {806C5267-195B-4813-8CB2-DDE6B80E7845}
	EndGlobalSection
EndGlobal
